
Microsoft Visual Studio Solution File, Format Version 12.00
# Visual Studio Version 17
VisualStudioVersion = 17.10.35122.118
MinimumVisualStudioVersion = 10.0.40219.1
Project("{9A19103F-16F7-4668-BE54-9A1E7A4F7556}") = "DataBase", "DataBase\DataBase.csproj", "{5F444B2D-14AA-4D5F-8262-E1116C3FC77B}"
EndProject
Project("{9A19103F-16F7-4668-BE54-9A1E7A4F7556}") = "Setves1", "Сервис 1\Setves1.csproj", "{F972DB8A-8E46-4676-94D3-91B3519175F9}"
EndProject
Project("{9A19103F-16F7-4668-BE54-9A1E7A4F7556}") = "Serves2", "Сервис 2\Serves2.csproj", "{06DE5FB0-0108-41DB-9668-DDABB703076D}"
EndProject
Global
	GlobalSection(SolutionConfigurationPlatforms) = preSolution
		Debug|Any CPU = Debug|Any CPU
		Release|Any CPU = Release|Any CPU
	EndGlobalSection
	GlobalSection(ProjectConfigurationPlatforms) = postSolution
		{5F444B2D-14AA-4D5F-8262-E1116C3FC77B}.Debug|Any CPU.ActiveCfg = Debug|Any CPU
		{5F444B2D-14AA-4D5F-8262-E1116C3FC77B}.Debug|Any CPU.Build.0 = Debug|Any CPU
		{5F444B2D-14AA-4D5F-8262-E1116C3FC77B}.Release|Any CPU.ActiveCfg = Release|Any CPU
		{5F444B2D-14AA-4D5F-8262-E1116C3FC77B}.Release|Any CPU.Build.0 = Release|Any CPU
		{F972DB8A-8E46-4676-94D3-91B3519175F9}.Debug|Any CPU.ActiveCfg = Debug|Any CPU
		{F972DB8A-8E46-4676-94D3-91B3519175F9}.Debug|Any CPU.Build.0 = Debug|Any CPU
		{F972DB8A-8E46-4676-94D3-91B3519175F9}.Release|Any CPU.ActiveCfg = Release|Any CPU
		{F972DB8A-8E46-4676-94D3-91B3519175F9}.Release|Any CPU.Build.0 = Release|Any CPU
		{06DE5FB0-0108-41DB-9668-DDABB703076D}.Debug|Any CPU.ActiveCfg = Debug|Any CPU
		{06DE5FB0-0108-41DB-9668-DDABB703076D}.Debug|Any CPU.Build.0 = Debug|Any CPU
		{06DE5FB0-0108-41DB-9668-DDABB703076D}.Release|Any CPU.ActiveCfg = Release|Any CPU
		{06DE5FB0-0108-41DB-9668-DDABB703076D}.Release|Any CPU.Build.0 = Release|Any CPU
	EndGlobalSection
	GlobalSection(SolutionProperties) = preSolution
		HideSolutionNode = FALSE
	EndGlobalSection
	GlobalSection(ExtensibilityGlobals) = postSolution
		SolutionGuid = {DE61C7C0-5F4D-4317-8D5A-23274667D599}
	EndGlobalSection
EndGlobal
