
Microsoft Visual Studio Solution File, Format Version 12.00
# Visual Studio Version 17
VisualStudioVersion = 17.10.35122.118
MinimumVisualStudioVersion = 10.0.40219.1
Project("{9A19103F-16F7-4668-BE54-9A1E7A4F7556}") = "Serves2", "Сервис А\Serves2.csproj", "{E113B4F4-C7E2-481E-9DEB-99B582902E2D}"
EndProject
Project("{9A19103F-16F7-4668-BE54-9A1E7A4F7556}") = "Setves1", "Сервис Б\Setves1.csproj", "{81FC8322-9CC9-4256-A448-8D3C6DAC67CA}"
EndProject
Project("{9A19103F-16F7-4668-BE54-9A1E7A4F7556}") = "DataBase", "DataBase\DataBase.csproj", "{5F444B2D-14AA-4D5F-8262-E1116C3FC77B}"
EndProject
Global
	GlobalSection(SolutionConfigurationPlatforms) = preSolution
		Debug|Any CPU = Debug|Any CPU
		Release|Any CPU = Release|Any CPU
	EndGlobalSection
	GlobalSection(ProjectConfigurationPlatforms) = postSolution
		{E113B4F4-C7E2-481E-9DEB-99B582902E2D}.Debug|Any CPU.ActiveCfg = Debug|Any CPU
		{E113B4F4-C7E2-481E-9DEB-99B582902E2D}.Debug|Any CPU.Build.0 = Debug|Any CPU
		{E113B4F4-C7E2-481E-9DEB-99B582902E2D}.Release|Any CPU.ActiveCfg = Release|Any CPU
		{E113B4F4-C7E2-481E-9DEB-99B582902E2D}.Release|Any CPU.Build.0 = Release|Any CPU
		{81FC8322-9CC9-4256-A448-8D3C6DAC67CA}.Debug|Any CPU.ActiveCfg = Debug|Any CPU
		{81FC8322-9CC9-4256-A448-8D3C6DAC67CA}.Debug|Any CPU.Build.0 = Debug|Any CPU
		{81FC8322-9CC9-4256-A448-8D3C6DAC67CA}.Release|Any CPU.ActiveCfg = Release|Any CPU
		{81FC8322-9CC9-4256-A448-8D3C6DAC67CA}.Release|Any CPU.Build.0 = Release|Any CPU
		{5F444B2D-14AA-4D5F-8262-E1116C3FC77B}.Debug|Any CPU.ActiveCfg = Debug|Any CPU
		{5F444B2D-14AA-4D5F-8262-E1116C3FC77B}.Debug|Any CPU.Build.0 = Debug|Any CPU
		{5F444B2D-14AA-4D5F-8262-E1116C3FC77B}.Release|Any CPU.ActiveCfg = Release|Any CPU
		{5F444B2D-14AA-4D5F-8262-E1116C3FC77B}.Release|Any CPU.Build.0 = Release|Any CPU
	EndGlobalSection
	GlobalSection(SolutionProperties) = preSolution
		HideSolutionNode = FALSE
	EndGlobalSection
	GlobalSection(ExtensibilityGlobals) = postSolution
		SolutionGuid = {DE61C7C0-5F4D-4317-8D5A-23274667D599}
	EndGlobalSection
EndGlobal
